
Microsoft Visual Studio Solution File, Format Version 12.00
# Visual Studio Version 16
VisualStudioVersion = 16.0.30803.129
MinimumVisualStudioVersion = 10.0.40219.1
Project("{9A19103F-16F7-4668-BE54-9A1E7A4F7556}") = "RambalacFAQ.Server", "RambalacFAQ\Server\RambalacFAQ.Server.csproj", "{53875B5B-AB39-4780-BC7B-98C59F7C9A61}"
EndProject
Project("{9A19103F-16F7-4668-BE54-9A1E7A4F7556}") = "RambalacFAQ.Client", "RambalacFAQ\Client\RambalacFAQ.Client.csproj", "{05036354-3F6F-4DF1-85C3-A0B763B64D65}"
EndProject
Project("{9A19103F-16F7-4668-BE54-9A1E7A4F7556}") = "RambalacFAQ.Shared", "RambalacFAQ\Shared\RambalacFAQ.Shared.csproj", "{533D0E13-E99C-486A-8E54-7CC8AE0C9AC4}"
EndProject
Project("{2150E333-8FDC-42A3-9474-1A3956D46DE8}") = "FAQ", "FAQ", "{1A57E343-A5C0-49CD-B996-BEF4CD488105}"
EndProject
Project("{2150E333-8FDC-42A3-9474-1A3956D46DE8}") = "Data", "Data", "{9991911B-D161-4046-B088-1BEE7E6F53B0}"
EndProject
Project("{9A19103F-16F7-4668-BE54-9A1E7A4F7556}") = "DataSearch", "Data\AzureSearch\DataSearch.csproj", "{1B7B491A-42CF-4018-9754-723D0045486C}"
EndProject
Project("{9A19103F-16F7-4668-BE54-9A1E7A4F7556}") = "DataStorage", "Data\DataStorage\DataStorage.csproj", "{E9B68F62-6388-4292-BA4E-AC283B0B3E66}"
EndProject
Project("{9A19103F-16F7-4668-BE54-9A1E7A4F7556}") = "ODataQueryable", "Data\ODataQueryable\ODataQueryable.csproj", "{9B409529-B6CC-4C0B-B396-590891D28187}"
EndProject
Project("{9A19103F-16F7-4668-BE54-9A1E7A4F7556}") = "Pagination", "Data\Pagination\Pagination.csproj", "{458835B2-8F23-4D69-B76D-31EF2808F7D0}"
EndProject
Project("{2150E333-8FDC-42A3-9474-1A3956D46DE8}") = "URLs", "URLs", "{6C458DF0-D429-4E28-A31B-D3EF03C08F06}"
EndProject
Project("{9A19103F-16F7-4668-BE54-9A1E7A4F7556}") = "UrlRedirect", "URLs\UrlRedirect\UrlRedirect.csproj", "{7A7E8052-6893-456C-8C5B-5483E4446799}"
EndProject
Project("{FAE04EC0-301F-11D3-BF4B-00C04F79EFBC}") = "EnumerableExtionsion", "EnumerableExtionsion\EnumerableExtionsion.csproj", "{C15C0CB6-CDF1-4A3B-96B3-EEBB673DA8B5}"
EndProject
Global
	GlobalSection(SolutionConfigurationPlatforms) = preSolution
		Debug|Any CPU = Debug|Any CPU
		Release|Any CPU = Release|Any CPU
	EndGlobalSection
	GlobalSection(ProjectConfigurationPlatforms) = postSolution
		{53875B5B-AB39-4780-BC7B-98C59F7C9A61}.Debug|Any CPU.ActiveCfg = Debug|Any CPU
		{53875B5B-AB39-4780-BC7B-98C59F7C9A61}.Debug|Any CPU.Build.0 = Debug|Any CPU
		{53875B5B-AB39-4780-BC7B-98C59F7C9A61}.Release|Any CPU.ActiveCfg = Release|Any CPU
		{53875B5B-AB39-4780-BC7B-98C59F7C9A61}.Release|Any CPU.Build.0 = Release|Any CPU
		{05036354-3F6F-4DF1-85C3-A0B763B64D65}.Debug|Any CPU.ActiveCfg = Debug|Any CPU
		{05036354-3F6F-4DF1-85C3-A0B763B64D65}.Debug|Any CPU.Build.0 = Debug|Any CPU
		{05036354-3F6F-4DF1-85C3-A0B763B64D65}.Release|Any CPU.ActiveCfg = Release|Any CPU
		{05036354-3F6F-4DF1-85C3-A0B763B64D65}.Release|Any CPU.Build.0 = Release|Any CPU
		{533D0E13-E99C-486A-8E54-7CC8AE0C9AC4}.Debug|Any CPU.ActiveCfg = Debug|Any CPU
		{533D0E13-E99C-486A-8E54-7CC8AE0C9AC4}.Debug|Any CPU.Build.0 = Debug|Any CPU
		{533D0E13-E99C-486A-8E54-7CC8AE0C9AC4}.Release|Any CPU.ActiveCfg = Release|Any CPU
		{533D0E13-E99C-486A-8E54-7CC8AE0C9AC4}.Release|Any CPU.Build.0 = Release|Any CPU
		{1B7B491A-42CF-4018-9754-723D0045486C}.Debug|Any CPU.ActiveCfg = Debug|Any CPU
		{1B7B491A-42CF-4018-9754-723D0045486C}.Debug|Any CPU.Build.0 = Debug|Any CPU
		{1B7B491A-42CF-4018-9754-723D0045486C}.Release|Any CPU.ActiveCfg = Release|Any CPU
		{1B7B491A-42CF-4018-9754-723D0045486C}.Release|Any CPU.Build.0 = Release|Any CPU
		{E9B68F62-6388-4292-BA4E-AC283B0B3E66}.Debug|Any CPU.ActiveCfg = Debug|Any CPU
		{E9B68F62-6388-4292-BA4E-AC283B0B3E66}.Debug|Any CPU.Build.0 = Debug|Any CPU
		{E9B68F62-6388-4292-BA4E-AC283B0B3E66}.Release|Any CPU.ActiveCfg = Release|Any CPU
		{E9B68F62-6388-4292-BA4E-AC283B0B3E66}.Release|Any CPU.Build.0 = Release|Any CPU
		{9B409529-B6CC-4C0B-B396-590891D28187}.Debug|Any CPU.ActiveCfg = Debug|Any CPU
		{9B409529-B6CC-4C0B-B396-590891D28187}.Debug|Any CPU.Build.0 = Debug|Any CPU
		{9B409529-B6CC-4C0B-B396-590891D28187}.Release|Any CPU.ActiveCfg = Release|Any CPU
		{9B409529-B6CC-4C0B-B396-590891D28187}.Release|Any CPU.Build.0 = Release|Any CPU
		{458835B2-8F23-4D69-B76D-31EF2808F7D0}.Debug|Any CPU.ActiveCfg = Debug|Any CPU
		{458835B2-8F23-4D69-B76D-31EF2808F7D0}.Debug|Any CPU.Build.0 = Debug|Any CPU
		{458835B2-8F23-4D69-B76D-31EF2808F7D0}.Release|Any CPU.ActiveCfg = Release|Any CPU
		{458835B2-8F23-4D69-B76D-31EF2808F7D0}.Release|Any CPU.Build.0 = Release|Any CPU
		{7A7E8052-6893-456C-8C5B-5483E4446799}.Debug|Any CPU.ActiveCfg = Debug|Any CPU
		{7A7E8052-6893-456C-8C5B-5483E4446799}.Debug|Any CPU.Build.0 = Debug|Any CPU
		{7A7E8052-6893-456C-8C5B-5483E4446799}.Release|Any CPU.ActiveCfg = Release|Any CPU
		{7A7E8052-6893-456C-8C5B-5483E4446799}.Release|Any CPU.Build.0 = Release|Any CPU
		{C15C0CB6-CDF1-4A3B-96B3-EEBB673DA8B5}.Debug|Any CPU.ActiveCfg = Debug|Any CPU
		{C15C0CB6-CDF1-4A3B-96B3-EEBB673DA8B5}.Debug|Any CPU.Build.0 = Debug|Any CPU
		{C15C0CB6-CDF1-4A3B-96B3-EEBB673DA8B5}.Release|Any CPU.ActiveCfg = Release|Any CPU
		{C15C0CB6-CDF1-4A3B-96B3-EEBB673DA8B5}.Release|Any CPU.Build.0 = Release|Any CPU
	EndGlobalSection
	GlobalSection(SolutionProperties) = preSolution
		HideSolutionNode = FALSE
	EndGlobalSection
	GlobalSection(NestedProjects) = preSolution
		{53875B5B-AB39-4780-BC7B-98C59F7C9A61} = {1A57E343-A5C0-49CD-B996-BEF4CD488105}
		{05036354-3F6F-4DF1-85C3-A0B763B64D65} = {1A57E343-A5C0-49CD-B996-BEF4CD488105}
		{533D0E13-E99C-486A-8E54-7CC8AE0C9AC4} = {1A57E343-A5C0-49CD-B996-BEF4CD488105}
		{1B7B491A-42CF-4018-9754-723D0045486C} = {9991911B-D161-4046-B088-1BEE7E6F53B0}
		{E9B68F62-6388-4292-BA4E-AC283B0B3E66} = {9991911B-D161-4046-B088-1BEE7E6F53B0}
		{9B409529-B6CC-4C0B-B396-590891D28187} = {9991911B-D161-4046-B088-1BEE7E6F53B0}
		{458835B2-8F23-4D69-B76D-31EF2808F7D0} = {9991911B-D161-4046-B088-1BEE7E6F53B0}
		{7A7E8052-6893-456C-8C5B-5483E4446799} = {6C458DF0-D429-4E28-A31B-D3EF03C08F06}
		{C15C0CB6-CDF1-4A3B-96B3-EEBB673DA8B5} = {9991911B-D161-4046-B088-1BEE7E6F53B0}
	EndGlobalSection
	GlobalSection(ExtensibilityGlobals) = postSolution
		SolutionGuid = {1F183F97-8838-4CEE-BB1E-63151F290FCC}
	EndGlobalSection
EndGlobal
